
Microsoft Visual Studio Solution File, Format Version 12.00
# Visual Studio Version 17
VisualStudioVersion = 17.7.34031.279
MinimumVisualStudioVersion = 10.0.40219.1
Project("{9A19103F-16F7-4668-BE54-9A1E7A4F7556}") = "Application", "src\Application\Application.csproj", "{1D3DF54C-8394-4617-BF1F-987A024C63CF}"
EndProject
Project("{9A19103F-16F7-4668-BE54-9A1E7A4F7556}") = "Domain", "src\Domain\Domain.csproj", "{FE454F08-EE23-4C82-AA5E-BAA3AE3DC1F7}"
EndProject
Project("{9A19103F-16F7-4668-BE54-9A1E7A4F7556}") = "Infrastructure", "src\Infrastructure\Infrastructure.csproj", "{C8456F65-E907-4FF1-8D68-C8B0053EC7C6}"
EndProject
Project("{FAE04EC0-301F-11D3-BF4B-00C04F79EFBC}") = "CleanArchitecture", "src\Web\CleanArchitecture\CleanArchitecture.csproj", "{45144C45-A488-4EC2-A918-8137B03B223F}"
EndProject
Global
	GlobalSection(SolutionConfigurationPlatforms) = preSolution
		Debug|Any CPU = Debug|Any CPU
		Release|Any CPU = Release|Any CPU
	EndGlobalSection
	GlobalSection(ProjectConfigurationPlatforms) = postSolution
		{1D3DF54C-8394-4617-BF1F-987A024C63CF}.Debug|Any CPU.ActiveCfg = Debug|Any CPU
		{1D3DF54C-8394-4617-BF1F-987A024C63CF}.Debug|Any CPU.Build.0 = Debug|Any CPU
		{1D3DF54C-8394-4617-BF1F-987A024C63CF}.Release|Any CPU.ActiveCfg = Release|Any CPU
		{1D3DF54C-8394-4617-BF1F-987A024C63CF}.Release|Any CPU.Build.0 = Release|Any CPU
		{FE454F08-EE23-4C82-AA5E-BAA3AE3DC1F7}.Debug|Any CPU.ActiveCfg = Debug|Any CPU
		{FE454F08-EE23-4C82-AA5E-BAA3AE3DC1F7}.Debug|Any CPU.Build.0 = Debug|Any CPU
		{FE454F08-EE23-4C82-AA5E-BAA3AE3DC1F7}.Release|Any CPU.ActiveCfg = Release|Any CPU
		{FE454F08-EE23-4C82-AA5E-BAA3AE3DC1F7}.Release|Any CPU.Build.0 = Release|Any CPU
		{C8456F65-E907-4FF1-8D68-C8B0053EC7C6}.Debug|Any CPU.ActiveCfg = Debug|Any CPU
		{C8456F65-E907-4FF1-8D68-C8B0053EC7C6}.Debug|Any CPU.Build.0 = Debug|Any CPU
		{C8456F65-E907-4FF1-8D68-C8B0053EC7C6}.Release|Any CPU.ActiveCfg = Release|Any CPU
		{C8456F65-E907-4FF1-8D68-C8B0053EC7C6}.Release|Any CPU.Build.0 = Release|Any CPU
		{45144C45-A488-4EC2-A918-8137B03B223F}.Debug|Any CPU.ActiveCfg = Debug|Any CPU
		{45144C45-A488-4EC2-A918-8137B03B223F}.Debug|Any CPU.Build.0 = Debug|Any CPU
		{45144C45-A488-4EC2-A918-8137B03B223F}.Release|Any CPU.ActiveCfg = Release|Any CPU
		{45144C45-A488-4EC2-A918-8137B03B223F}.Release|Any CPU.Build.0 = Release|Any CPU
	EndGlobalSection
	GlobalSection(SolutionProperties) = preSolution
		HideSolutionNode = FALSE
	EndGlobalSection
	GlobalSection(ExtensibilityGlobals) = postSolution
		SolutionGuid = {BCBD8C0A-1A35-4464-B612-6ADB02334376}
	EndGlobalSection
EndGlobal
